
Microsoft Visual Studio Solution File, Format Version 12.00
# Visual Studio 15
VisualStudioVersion = 15.0.28307.757
MinimumVisualStudioVersion = 10.0.40219.1
Project("{FAE04EC0-301F-11D3-BF4B-00C04F79EFBC}") = "R5T.Excel.Construction", "R5T.Excel.Construction\R5T.Excel.Construction.csproj", "{C7C5FB0F-D86C-4136-B8B6-34EBE0A19877}"
EndProject
Project("{9A19103F-16F7-4668-BE54-9A1E7A4F7556}") = "R5T.Excel", "R5T.Excel\R5T.Excel.csproj", "{20D26B66-6AB4-4899-A7EC-E27CE8F1B9E3}"
EndProject
Project("{2150E333-8FDC-42A3-9474-1A3956D46DE8}") = "_Dependencies", "_Dependencies", "{18E61977-7263-4A2B-A224-AF1ABBB34BBF}"
EndProject
Project("{9A19103F-16F7-4668-BE54-9A1E7A4F7556}") = "R5T.NetStandard.Types", "..\..\R5T.NetStandard.Types\source\R5T.NetStandard.Types\R5T.NetStandard.Types.csproj", "{13DEDA9C-4194-496F-A799-0EA805322952}"
EndProject
Global
	GlobalSection(SolutionConfigurationPlatforms) = preSolution
		Debug|Any CPU = Debug|Any CPU
		Release|Any CPU = Release|Any CPU
	EndGlobalSection
	GlobalSection(ProjectConfigurationPlatforms) = postSolution
		{C7C5FB0F-D86C-4136-B8B6-34EBE0A19877}.Debug|Any CPU.ActiveCfg = Debug|Any CPU
		{C7C5FB0F-D86C-4136-B8B6-34EBE0A19877}.Debug|Any CPU.Build.0 = Debug|Any CPU
		{C7C5FB0F-D86C-4136-B8B6-34EBE0A19877}.Release|Any CPU.ActiveCfg = Release|Any CPU
		{C7C5FB0F-D86C-4136-B8B6-34EBE0A19877}.Release|Any CPU.Build.0 = Release|Any CPU
		{20D26B66-6AB4-4899-A7EC-E27CE8F1B9E3}.Debug|Any CPU.ActiveCfg = Debug|Any CPU
		{20D26B66-6AB4-4899-A7EC-E27CE8F1B9E3}.Debug|Any CPU.Build.0 = Debug|Any CPU
		{20D26B66-6AB4-4899-A7EC-E27CE8F1B9E3}.Release|Any CPU.ActiveCfg = Release|Any CPU
		{20D26B66-6AB4-4899-A7EC-E27CE8F1B9E3}.Release|Any CPU.Build.0 = Release|Any CPU
		{13DEDA9C-4194-496F-A799-0EA805322952}.Debug|Any CPU.ActiveCfg = Debug|Any CPU
		{13DEDA9C-4194-496F-A799-0EA805322952}.Debug|Any CPU.Build.0 = Debug|Any CPU
		{13DEDA9C-4194-496F-A799-0EA805322952}.Release|Any CPU.ActiveCfg = Release|Any CPU
		{13DEDA9C-4194-496F-A799-0EA805322952}.Release|Any CPU.Build.0 = Release|Any CPU
	EndGlobalSection
	GlobalSection(SolutionProperties) = preSolution
		HideSolutionNode = FALSE
	EndGlobalSection
	GlobalSection(NestedProjects) = preSolution
		{13DEDA9C-4194-496F-A799-0EA805322952} = {18E61977-7263-4A2B-A224-AF1ABBB34BBF}
	EndGlobalSection
	GlobalSection(ExtensibilityGlobals) = postSolution
		SolutionGuid = {E83A8C8C-D341-4BDF-8F68-63AFE336BCFD}
	EndGlobalSection
EndGlobal
